// !$*UTF8*$!
{
	archiveVersion = 1;
	classes = {
	};
	objectVersion = 46;
	objects = {

/* Begin PBXBuildFile section */
		1152A477147F6A0D00DCD675 /* AVFoundation.framework in Frameworks */ = {isa = PBXBuildFile; fileRef = 1152A476147F6A0D00DCD675 /* AVFoundation.framework */; };
		1152A478147F6C6600DCD675 /* libpd-ios.a in Frameworks */ = {isa = PBXBuildFile; fileRef = 1152A465147F667400DCD675 /* libpd-ios.a */; };
		1D3623260D0F684500981E51 /* PdTestAppDelegate.m in Sources */ = {isa = PBXBuildFile; fileRef = 1D3623250D0F684500981E51 /* PdTestAppDelegate.m */; };
		1D60589B0D05DD56006BFB54 /* main.m in Sources */ = {isa = PBXBuildFile; fileRef = 29B97316FDCFA39411CA2CEA /* main.m */; };
		2899E5220DE3E06400AC0155 /* PdTestViewController.xib in Resources */ = {isa = PBXBuildFile; fileRef = 2899E5210DE3E06400AC0155 /* PdTestViewController.xib */; };
		28AD733F0D9D9553002E5188 /* MainWindow.xib in Resources */ = {isa = PBXBuildFile; fileRef = 28AD733E0D9D9553002E5188 /* MainWindow.xib */; };
		28D7ACF80DDB3853001CB0EB /* PdTestViewController.m in Sources */ = {isa = PBXBuildFile; fileRef = 28D7ACF70DDB3853001CB0EB /* PdTestViewController.m */; };
		2D27724415D010C000077A1F /* cylshot-idle.txt in Resources */ = {isa = PBXBuildFile; fileRef = 2D27721915D010C000077A1F /* cylshot-idle.txt */; };
		2D27724515D010C000077A1F /* cylshot-idle2.txt in Resources */ = {isa = PBXBuildFile; fileRef = 2D27721A15D010C000077A1F /* cylshot-idle2.txt */; };
		2D27724615D010C000077A1F /* cylshot-idle3.txt in Resources */ = {isa = PBXBuildFile; fileRef = 2D27721B15D010C000077A1F /* cylshot-idle3.txt */; };
		2D27724715D010C000077A1F /* cylshot-rev.txt in Resources */ = {isa = PBXBuildFile; fileRef = 2D27721C15D010C000077A1F /* cylshot-rev.txt */; };
		2D27724815D010C000077A1F /* cylshot-rev2.txt in Resources */ = {isa = PBXBuildFile; fileRef = 2D27721D15D010C000077A1F /* cylshot-rev2.txt */; };
		2D27724915D010C000077A1F /* cylshot-rev3.txt in Resources */ = {isa = PBXBuildFile; fileRef = 2D27721E15D010C000077A1F /* cylshot-rev3.txt */; };
		2D27724A15D010C000077A1F /* cylshot.txt in Resources */ = {isa = PBXBuildFile; fileRef = 2D27721F15D010C000077A1F /* cylshot.txt */; };
		2D27724B15D010C000077A1F /* cylshot2.txt in Resources */ = {isa = PBXBuildFile; fileRef = 2D27722015D010C000077A1F /* cylshot2.txt */; };
		2D27724C15D010C000077A1F /* d-1--help.pd in Resources */ = {isa = PBXBuildFile; fileRef = 2D27722115D010C000077A1F /* d-1--help.pd */; };
		2D27724D15D010C000077A1F /* d-1-.pd in Resources */ = {isa = PBXBuildFile; fileRef = 2D27722215D010C000077A1F /* d-1-.pd */; };
		2D27724E15D010C000077A1F /* d-1-~-help.pd in Resources */ = {isa = PBXBuildFile; fileRef = 2D27722315D010C000077A1F /* d-1-~-help.pd */; };
		2D27724F15D010C000077A1F /* d-1-~.pd in Resources */ = {isa = PBXBuildFile; fileRef = 2D27722415D010C000077A1F /* d-1-~.pd */; };
		2D27725015D010C000077A1F /* d-anaclip~.pd in Resources */ = {isa = PBXBuildFile; fileRef = 2D27722515D010C000077A1F /* d-anaclip~.pd */; };
		2D27725115D010C000077A1F /* d-crossfade~.pd in Resources */ = {isa = PBXBuildFile; fileRef = 2D27722615D010C000077A1F /* d-crossfade~.pd */; };
		2D27725215D010C000077A1F /* d-datetimesym.pd in Resources */ = {isa = PBXBuildFile; fileRef = 2D27722715D010C000077A1F /* d-datetimesym.pd */; };
		2D27725315D010C000077A1F /* d-default-example.pd in Resources */ = {isa = PBXBuildFile; fileRef = 2D27722815D010C000077A1F /* d-default-example.pd */; };
		2D27725415D010C000077A1F /* d-default-help.pd in Resources */ = {isa = PBXBuildFile; fileRef = 2D27722915D010C000077A1F /* d-default-help.pd */; };
		2D27725515D010C000077A1F /* d-default.pd in Resources */ = {isa = PBXBuildFile; fileRef = 2D27722A15D010C000077A1F /* d-default.pd */; };
		2D27725615D010C000077A1F /* d-delta.pd in Resources */ = {isa = PBXBuildFile; fileRef = 2D27722B15D010C000077A1F /* d-delta.pd */; };
		2D27725715D010C000077A1F /* d-inv.pd in Resources */ = {isa = PBXBuildFile; fileRef = 2D27722C15D010C000077A1F /* d-inv.pd */; };
		2D27725815D010C000077A1F /* d-jitter.pd in Resources */ = {isa = PBXBuildFile; fileRef = 2D27722D15D010C000077A1F /* d-jitter.pd */; };
		2D27725915D010C000077A1F /* d-lpf-redo.pd in Resources */ = {isa = PBXBuildFile; fileRef = 2D27722E15D010C000077A1F /* d-lpf-redo.pd */; };
		2D27725A15D010C000077A1F /* d-lpf.pd in Resources */ = {isa = PBXBuildFile; fileRef = 2D27722F15D010C000077A1F /* d-lpf.pd */; };
		2D27725B15D010C000077A1F /* d-map-help.pd in Resources */ = {isa = PBXBuildFile; fileRef = 2D27723015D010C000077A1F /* d-map-help.pd */; };
		2D27725C15D010C000077A1F /* d-map.pd in Resources */ = {isa = PBXBuildFile; fileRef = 2D27723115D010C000077A1F /* d-map.pd */; };
		2D27725D15D010C000077A1F /* d-out~.pd in Resources */ = {isa = PBXBuildFile; fileRef = 2D27723215D010C000077A1F /* d-out~.pd */; };
		2D27725E15D010C000077A1F /* d-pan~.pd in Resources */ = {isa = PBXBuildFile; fileRef = 2D27723315D010C000077A1F /* d-pan~.pd */; };
		2D27725F15D010C000077A1F /* d-random.pd in Resources */ = {isa = PBXBuildFile; fileRef = 2D27723415D010C000077A1F /* d-random.pd */; };
		2D27726015D010C000077A1F /* d-smooth~.pd in Resources */ = {isa = PBXBuildFile; fileRef = 2D27723515D010C000077A1F /* d-smooth~.pd */; };
		2D27726115D010C000077A1F /* d-sq.pd in Resources */ = {isa = PBXBuildFile; fileRef = 2D27723615D010C000077A1F /* d-sq.pd */; };
		2D27726215D010C000077A1F /* try10-fiexd.pd in Resources */ = {isa = PBXBuildFile; fileRef = 2D27723715D010C000077A1F /* try10-fiexd.pd */; };
		2D27726315D010C000077A1F /* try10-fixed.pd in Resources */ = {isa = PBXBuildFile; fileRef = 2D27723815D010C000077A1F /* try10-fixed.pd */; };
		2D27726415D010C000077A1F /* try11-fixed.pd in Resources */ = {isa = PBXBuildFile; fileRef = 2D27723915D010C000077A1F /* try11-fixed.pd */; };
		2D27726515D010C000077A1F /* try12-fixed.pd in Resources */ = {isa = PBXBuildFile; fileRef = 2D27723A15D010C000077A1F /* try12-fixed.pd */; };
		2D27726615D010C000077A1F /* try13-motor.pd in Resources */ = {isa = PBXBuildFile; fileRef = 2D27723B15D010C000077A1F /* try13-motor.pd */; };
		2D27726715D010C000077A1F /* try14-motor.pd in Resources */ = {isa = PBXBuildFile; fileRef = 2D27723C15D010C000077A1F /* try14-motor.pd */; };
		2D27726815D010C000077A1F /* try3.pd in Resources */ = {isa = PBXBuildFile; fileRef = 2D27723D15D010C000077A1F /* try3.pd */; };
		2D27726915D010C000077A1F /* try4.pd in Resources */ = {isa = PBXBuildFile; fileRef = 2D27723E15D010C000077A1F /* try4.pd */; };
		2D27726A15D010C000077A1F /* try5.pd in Resources */ = {isa = PBXBuildFile; fileRef = 2D27723F15D010C000077A1F /* try5.pd */; };
		2D27726B15D010C000077A1F /* try6-greatidle.pd in Resources */ = {isa = PBXBuildFile; fileRef = 2D27724015D010C000077A1F /* try6-greatidle.pd */; };
		2D27726C15D010C000077A1F /* try7.pd in Resources */ = {isa = PBXBuildFile; fileRef = 2D27724115D010C000077A1F /* try7.pd */; };
		2D27726D15D010C000077A1F /* try8-nicerev.pd in Resources */ = {isa = PBXBuildFile; fileRef = 2D27724215D010C000077A1F /* try8-nicerev.pd */; };
		2D27726E15D010C000077A1F /* try9-nicerev.pd in Resources */ = {isa = PBXBuildFile; fileRef = 2D27724315D010C000077A1F /* try9-nicerev.pd */; };
		2D27727215D0139C00077A1F /* try15-motor-no-d-out.pd in Resources */ = {isa = PBXBuildFile; fileRef = 2D27727115D0139C00077A1F /* try15-motor-no-d-out.pd */; };
		2D2773F115D01FF600077A1F /* svf.c in Sources */ = {isa = PBXBuildFile; fileRef = 2D2773F015D01FF600077A1F /* svf.c */; };
		2D27746B15D0217D00077A1F /* shared.c in Sources */ = {isa = PBXBuildFile; fileRef = 2D27742B15D0217D00077A1F /* shared.c */; };
		2D27748015D0225400077A1F /* sic.c in Sources */ = {isa = PBXBuildFile; fileRef = 2D27747F15D0225400077A1F /* sic.c */; };
		2D27748215D0226900077A1F /* loud.c in Sources */ = {isa = PBXBuildFile; fileRef = 2D27748115D0226900077A1F /* loud.c */; };
		DC0C300E125D15FC008B6389 /* Foundation.framework in Frameworks */ = {isa = PBXBuildFile; fileRef = DC0C300D125D15FC008B6389 /* Foundation.framework */; };
		DC0C3012125D160B008B6389 /* UIKit.framework in Frameworks */ = {isa = PBXBuildFile; fileRef = DC0C3011125D160B008B6389 /* UIKit.framework */; };
		DC0C3016125D1614008B6389 /* CoreGraphics.framework in Frameworks */ = {isa = PBXBuildFile; fileRef = DC0C3015125D1614008B6389 /* CoreGraphics.framework */; };
		DC3B19C21294789B001C3597 /* Banjo_B3.wav in Resources */ = {isa = PBXBuildFile; fileRef = DC3B19C11294789B001C3597 /* Banjo_B3.wav */; };
		DC70C562129B16FB006CC055 /* LoopWithExtern.pd in Resources */ = {isa = PBXBuildFile; fileRef = DC70C561129B16FB006CC055 /* LoopWithExtern.pd */; };
		DC70C5FC129B28F8006CC055 /* ReadMe.txt in Resources */ = {isa = PBXBuildFile; fileRef = DC70C5FB129B28F8006CC055 /* ReadMe.txt */; };
		DCCC7CDF125C3E0F002CF6AC /* AudioToolbox.framework in Frameworks */ = {isa = PBXBuildFile; fileRef = DCCC7CDE125C3E0F002CF6AC /* AudioToolbox.framework */; };
		DCD6ACC6128B38B100C61BBE /* lrshift~.c in Sources */ = {isa = PBXBuildFile; fileRef = DCD6ACC5128B38B100C61BBE /* lrshift~.c */; };
		DCD724CF125D1A1E000A4BDE /* Foundation.framework in Frameworks */ = {isa = PBXBuildFile; fileRef = DCD724CE125D1A1E000A4BDE /* Foundation.framework */; };
/* End PBXBuildFile section */

/* Begin PBXContainerItemProxy section */
		1152A464147F667400DCD675 /* PBXContainerItemProxy */ = {
			isa = PBXContainerItemProxy;
			containerPortal = 1152A45D147F667300DCD675 /* libpd.xcodeproj */;
			proxyType = 2;
			remoteGlobalIDString = D2AAC07E0554694100DB518D;
			remoteInfo = "libpd-ios";
		};
		1152A474147F6A0800DCD675 /* PBXContainerItemProxy */ = {
			isa = PBXContainerItemProxy;
			containerPortal = 1152A45D147F667300DCD675 /* libpd.xcodeproj */;
			proxyType = 1;
			remoteGlobalIDString = D2AAC07D0554694100DB518D;
			remoteInfo = "libpd-ios";
		};
		2D2771BE15D0100000077A1F /* PBXContainerItemProxy */ = {
			isa = PBXContainerItemProxy;
			containerPortal = 1152A45D147F667300DCD675 /* libpd.xcodeproj */;
			proxyType = 2;
			remoteGlobalIDString = 119013AB1486450C00086F19;
			remoteInfo = "libpd-osx";
		};
/* End PBXContainerItemProxy section */

/* Begin PBXFileReference section */
		1152A45D147F667300DCD675 /* libpd.xcodeproj */ = {isa = PBXFileReference; lastKnownFileType = "wrapper.pb-project"; name = libpd.xcodeproj; path = ../libpd/libpd.xcodeproj; sourceTree = "<group>"; };
		1152A476147F6A0D00DCD675 /* AVFoundation.framework */ = {isa = PBXFileReference; lastKnownFileType = wrapper.framework; name = AVFoundation.framework; path = System/Library/Frameworks/AVFoundation.framework; sourceTree = SDKROOT; };
		1D3623240D0F684500981E51 /* PdTestAppDelegate.h */ = {isa = PBXFileReference; fileEncoding = 4; lastKnownFileType = sourcecode.c.h; path = PdTestAppDelegate.h; sourceTree = "<group>"; };
		1D3623250D0F684500981E51 /* PdTestAppDelegate.m */ = {isa = PBXFileReference; fileEncoding = 4; lastKnownFileType = sourcecode.c.objc; path = PdTestAppDelegate.m; sourceTree = "<group>"; };
		1D6058910D05DD3D006BFB54 /* PdTest02.app */ = {isa = PBXFileReference; explicitFileType = wrapper.application; includeInIndex = 0; path = PdTest02.app; sourceTree = BUILT_PRODUCTS_DIR; };
		2899E5210DE3E06400AC0155 /* PdTestViewController.xib */ = {isa = PBXFileReference; lastKnownFileType = file.xib; path = PdTestViewController.xib; sourceTree = "<group>"; };
		28AD733E0D9D9553002E5188 /* MainWindow.xib */ = {isa = PBXFileReference; lastKnownFileType = file.xib; path = MainWindow.xib; sourceTree = "<group>"; };
		28D7ACF60DDB3853001CB0EB /* PdTestViewController.h */ = {isa = PBXFileReference; fileEncoding = 4; lastKnownFileType = sourcecode.c.h; path = PdTestViewController.h; sourceTree = "<group>"; };
		28D7ACF70DDB3853001CB0EB /* PdTestViewController.m */ = {isa = PBXFileReference; fileEncoding = 4; lastKnownFileType = sourcecode.c.objc; path = PdTestViewController.m; sourceTree = "<group>"; };
		29B97316FDCFA39411CA2CEA /* main.m */ = {isa = PBXFileReference; fileEncoding = 4; lastKnownFileType = sourcecode.c.objc; path = main.m; sourceTree = "<group>"; };
		2D27721915D010C000077A1F /* cylshot-idle.txt */ = {isa = PBXFileReference; fileEncoding = 4; lastKnownFileType = text; path = "cylshot-idle.txt"; sourceTree = "<group>"; };
		2D27721A15D010C000077A1F /* cylshot-idle2.txt */ = {isa = PBXFileReference; fileEncoding = 4; lastKnownFileType = text; path = "cylshot-idle2.txt"; sourceTree = "<group>"; };
		2D27721B15D010C000077A1F /* cylshot-idle3.txt */ = {isa = PBXFileReference; fileEncoding = 4; lastKnownFileType = text; path = "cylshot-idle3.txt"; sourceTree = "<group>"; };
		2D27721C15D010C000077A1F /* cylshot-rev.txt */ = {isa = PBXFileReference; fileEncoding = 4; lastKnownFileType = text; path = "cylshot-rev.txt"; sourceTree = "<group>"; };
		2D27721D15D010C000077A1F /* cylshot-rev2.txt */ = {isa = PBXFileReference; fileEncoding = 4; lastKnownFileType = text; path = "cylshot-rev2.txt"; sourceTree = "<group>"; };
		2D27721E15D010C000077A1F /* cylshot-rev3.txt */ = {isa = PBXFileReference; fileEncoding = 4; lastKnownFileType = text; path = "cylshot-rev3.txt"; sourceTree = "<group>"; };
		2D27721F15D010C000077A1F /* cylshot.txt */ = {isa = PBXFileReference; fileEncoding = 4; lastKnownFileType = text; path = cylshot.txt; sourceTree = "<group>"; };
		2D27722015D010C000077A1F /* cylshot2.txt */ = {isa = PBXFileReference; fileEncoding = 4; lastKnownFileType = text; path = cylshot2.txt; sourceTree = "<group>"; };
		2D27722115D010C000077A1F /* d-1--help.pd */ = {isa = PBXFileReference; fileEncoding = 4; lastKnownFileType = text; path = "d-1--help.pd"; sourceTree = "<group>"; };
		2D27722215D010C000077A1F /* d-1-.pd */ = {isa = PBXFileReference; fileEncoding = 4; lastKnownFileType = text; path = "d-1-.pd"; sourceTree = "<group>"; };
		2D27722315D010C000077A1F /* d-1-~-help.pd */ = {isa = PBXFileReference; fileEncoding = 4; lastKnownFileType = text; path = "d-1-~-help.pd"; sourceTree = "<group>"; };
		2D27722415D010C000077A1F /* d-1-~.pd */ = {isa = PBXFileReference; fileEncoding = 4; lastKnownFileType = text; path = "d-1-~.pd"; sourceTree = "<group>"; };
		2D27722515D010C000077A1F /* d-anaclip~.pd */ = {isa = PBXFileReference; fileEncoding = 4; lastKnownFileType = text; path = "d-anaclip~.pd"; sourceTree = "<group>"; };
		2D27722615D010C000077A1F /* d-crossfade~.pd */ = {isa = PBXFileReference; fileEncoding = 4; lastKnownFileType = text; path = "d-crossfade~.pd"; sourceTree = "<group>"; };
		2D27722715D010C000077A1F /* d-datetimesym.pd */ = {isa = PBXFileReference; fileEncoding = 4; lastKnownFileType = text; path = "d-datetimesym.pd"; sourceTree = "<group>"; };
		2D27722815D010C000077A1F /* d-default-example.pd */ = {isa = PBXFileReference; fileEncoding = 4; lastKnownFileType = text; path = "d-default-example.pd"; sourceTree = "<group>"; };
		2D27722915D010C000077A1F /* d-default-help.pd */ = {isa = PBXFileReference; fileEncoding = 4; lastKnownFileType = text; path = "d-default-help.pd"; sourceTree = "<group>"; };
		2D27722A15D010C000077A1F /* d-default.pd */ = {isa = PBXFileReference; fileEncoding = 4; lastKnownFileType = text; path = "d-default.pd"; sourceTree = "<group>"; };
		2D27722B15D010C000077A1F /* d-delta.pd */ = {isa = PBXFileReference; fileEncoding = 4; lastKnownFileType = text; path = "d-delta.pd"; sourceTree = "<group>"; };
		2D27722C15D010C000077A1F /* d-inv.pd */ = {isa = PBXFileReference; fileEncoding = 4; lastKnownFileType = text; path = "d-inv.pd"; sourceTree = "<group>"; };
		2D27722D15D010C000077A1F /* d-jitter.pd */ = {isa = PBXFileReference; fileEncoding = 4; lastKnownFileType = text; path = "d-jitter.pd"; sourceTree = "<group>"; };
		2D27722E15D010C000077A1F /* d-lpf-redo.pd */ = {isa = PBXFileReference; fileEncoding = 4; lastKnownFileType = text; path = "d-lpf-redo.pd"; sourceTree = "<group>"; };
		2D27722F15D010C000077A1F /* d-lpf.pd */ = {isa = PBXFileReference; fileEncoding = 4; lastKnownFileType = text; path = "d-lpf.pd"; sourceTree = "<group>"; };
		2D27723015D010C000077A1F /* d-map-help.pd */ = {isa = PBXFileReference; fileEncoding = 4; lastKnownFileType = text; path = "d-map-help.pd"; sourceTree = "<group>"; };
		2D27723115D010C000077A1F /* d-map.pd */ = {isa = PBXFileReference; fileEncoding = 4; lastKnownFileType = text; path = "d-map.pd"; sourceTree = "<group>"; };
		2D27723215D010C000077A1F /* d-out~.pd */ = {isa = PBXFileReference; fileEncoding = 4; lastKnownFileType = text; path = "d-out~.pd"; sourceTree = "<group>"; };
		2D27723315D010C000077A1F /* d-pan~.pd */ = {isa = PBXFileReference; fileEncoding = 4; lastKnownFileType = text; path = "d-pan~.pd"; sourceTree = "<group>"; };
		2D27723415D010C000077A1F /* d-random.pd */ = {isa = PBXFileReference; fileEncoding = 4; lastKnownFileType = text; path = "d-random.pd"; sourceTree = "<group>"; };
		2D27723515D010C000077A1F /* d-smooth~.pd */ = {isa = PBXFileReference; fileEncoding = 4; lastKnownFileType = text; path = "d-smooth~.pd"; sourceTree = "<group>"; };
		2D27723615D010C000077A1F /* d-sq.pd */ = {isa = PBXFileReference; fileEncoding = 4; lastKnownFileType = text; path = "d-sq.pd"; sourceTree = "<group>"; };
		2D27723715D010C000077A1F /* try10-fiexd.pd */ = {isa = PBXFileReference; fileEncoding = 4; lastKnownFileType = text; path = "try10-fiexd.pd"; sourceTree = "<group>"; };
		2D27723815D010C000077A1F /* try10-fixed.pd */ = {isa = PBXFileReference; fileEncoding = 4; lastKnownFileType = text; path = "try10-fixed.pd"; sourceTree = "<group>"; };
		2D27723915D010C000077A1F /* try11-fixed.pd */ = {isa = PBXFileReference; fileEncoding = 4; lastKnownFileType = text; path = "try11-fixed.pd"; sourceTree = "<group>"; };
		2D27723A15D010C000077A1F /* try12-fixed.pd */ = {isa = PBXFileReference; fileEncoding = 4; lastKnownFileType = text; path = "try12-fixed.pd"; sourceTree = "<group>"; };
		2D27723B15D010C000077A1F /* try13-motor.pd */ = {isa = PBXFileReference; fileEncoding = 4; lastKnownFileType = text; path = "try13-motor.pd"; sourceTree = "<group>"; };
		2D27723C15D010C000077A1F /* try14-motor.pd */ = {isa = PBXFileReference; fileEncoding = 4; lastKnownFileType = text; path = "try14-motor.pd"; sourceTree = "<group>"; };
		2D27723D15D010C000077A1F /* try3.pd */ = {isa = PBXFileReference; fileEncoding = 4; lastKnownFileType = text; path = try3.pd; sourceTree = "<group>"; };
		2D27723E15D010C000077A1F /* try4.pd */ = {isa = PBXFileReference; fileEncoding = 4; lastKnownFileType = text; path = try4.pd; sourceTree = "<group>"; };
		2D27723F15D010C000077A1F /* try5.pd */ = {isa = PBXFileReference; fileEncoding = 4; lastKnownFileType = text; path = try5.pd; sourceTree = "<group>"; };
		2D27724015D010C000077A1F /* try6-greatidle.pd */ = {isa = PBXFileReference; fileEncoding = 4; lastKnownFileType = text; path = "try6-greatidle.pd"; sourceTree = "<group>"; };
		2D27724115D010C000077A1F /* try7.pd */ = {isa = PBXFileReference; fileEncoding = 4; lastKnownFileType = text; path = try7.pd; sourceTree = "<group>"; };
		2D27724215D010C000077A1F /* try8-nicerev.pd */ = {isa = PBXFileReference; fileEncoding = 4; lastKnownFileType = text; path = "try8-nicerev.pd"; sourceTree = "<group>"; };
		2D27724315D010C000077A1F /* try9-nicerev.pd */ = {isa = PBXFileReference; fileEncoding = 4; lastKnownFileType = text; path = "try9-nicerev.pd"; sourceTree = "<group>"; };
		2D27727115D0139C00077A1F /* try15-motor-no-d-out.pd */ = {isa = PBXFileReference; fileEncoding = 4; lastKnownFileType = text; path = "try15-motor-no-d-out.pd"; sourceTree = "<group>"; };
		2D2773F015D01FF600077A1F /* svf.c */ = {isa = PBXFileReference; fileEncoding = 4; lastKnownFileType = sourcecode.c.c; name = svf.c; path = cyclone/sickle/svf.c; sourceTree = "<group>"; };
		2D27742B15D0217D00077A1F /* shared.c */ = {isa = PBXFileReference; fileEncoding = 4; lastKnownFileType = sourcecode.c.c; path = shared.c; sourceTree = "<group>"; };
		2D27742C15D0217D00077A1F /* shared.h */ = {isa = PBXFileReference; fileEncoding = 4; lastKnownFileType = sourcecode.c.h; path = shared.h; sourceTree = "<group>"; };
		2D27747F15D0225400077A1F /* sic.c */ = {isa = PBXFileReference; fileEncoding = 4; lastKnownFileType = sourcecode.c.c; name = sic.c; path = sickle/sic.c; sourceTree = "<group>"; };
		2D27748115D0226900077A1F /* loud.c */ = {isa = PBXFileReference; fileEncoding = 4; lastKnownFileType = sourcecode.c.c; name = loud.c; path = common/loud.c; sourceTree = "<group>"; };
		32CA4F630368D1EE00C91783 /* PdTest02_Prefix.pch */ = {isa = PBXFileReference; fileEncoding = 4; lastKnownFileType = sourcecode.c.h; path = PdTest02_Prefix.pch; sourceTree = "<group>"; };
		8D1107310486CEB800E47090 /* PdTest02-Info.plist */ = {isa = PBXFileReference; fileEncoding = 4; lastKnownFileType = text.plist.xml; path = "PdTest02-Info.plist"; plistStructureDefinitionIdentifier = "com.apple.xcode.plist.structure-definition.iphone.info-plist"; sourceTree = "<group>"; };
		DC0C300D125D15FC008B6389 /* Foundation.framework */ = {isa = PBXFileReference; lastKnownFileType = wrapper.framework; name = Foundation.framework; path = System/Library/Frameworks/Foundation.framework; sourceTree = SDKROOT; };
		DC0C3011125D160B008B6389 /* UIKit.framework */ = {isa = PBXFileReference; lastKnownFileType = wrapper.framework; name = UIKit.framework; path = System/Library/Frameworks/UIKit.framework; sourceTree = SDKROOT; };
		DC0C3015125D1614008B6389 /* CoreGraphics.framework */ = {isa = PBXFileReference; lastKnownFileType = wrapper.framework; name = CoreGraphics.framework; path = System/Library/Frameworks/CoreGraphics.framework; sourceTree = SDKROOT; };
		DC3B19C11294789B001C3597 /* Banjo_B3.wav */ = {isa = PBXFileReference; lastKnownFileType = audio.wav; path = Banjo_B3.wav; sourceTree = SOURCE_ROOT; };
		DC70C561129B16FB006CC055 /* LoopWithExtern.pd */ = {isa = PBXFileReference; fileEncoding = 4; lastKnownFileType = text; path = LoopWithExtern.pd; sourceTree = "<group>"; };
		DC70C5FB129B28F8006CC055 /* ReadMe.txt */ = {isa = PBXFileReference; fileEncoding = 4; lastKnownFileType = text; path = ReadMe.txt; sourceTree = "<group>"; };
		DCCC7CDE125C3E0F002CF6AC /* AudioToolbox.framework */ = {isa = PBXFileReference; lastKnownFileType = wrapper.framework; name = AudioToolbox.framework; path = /System/Library/Frameworks/AudioToolbox.framework; sourceTree = "<absolute>"; };
		DCD6ACC5128B38B100C61BBE /* lrshift~.c */ = {isa = PBXFileReference; fileEncoding = 4; lastKnownFileType = sourcecode.c.c; name = "lrshift~.c"; path = "../libpd/pure-data/extra/lrshift~/lrshift~.c"; sourceTree = "<group>"; };
		DCD724CE125D1A1E000A4BDE /* Foundation.framework */ = {isa = PBXFileReference; lastKnownFileType = wrapper.framework; name = Foundation.framework; path = /System/Library/Frameworks/Foundation.framework; sourceTree = "<absolute>"; };
/* End PBXFileReference section */

/* Begin PBXFrameworksBuildPhase section */
		1D60588F0D05DD3D006BFB54 /* Frameworks */ = {
			isa = PBXFrameworksBuildPhase;
			buildActionMask = 2147483647;
			files = (
				1152A478147F6C6600DCD675 /* libpd-ios.a in Frameworks */,
				1152A477147F6A0D00DCD675 /* AVFoundation.framework in Frameworks */,
				DCCC7CDF125C3E0F002CF6AC /* AudioToolbox.framework in Frameworks */,
				DC0C300E125D15FC008B6389 /* Foundation.framework in Frameworks */,
				DC0C3012125D160B008B6389 /* UIKit.framework in Frameworks */,
				DC0C3016125D1614008B6389 /* CoreGraphics.framework in Frameworks */,
				DCD724CF125D1A1E000A4BDE /* Foundation.framework in Frameworks */,
			);
			runOnlyForDeploymentPostprocessing = 0;
		};
/* End PBXFrameworksBuildPhase section */

/* Begin PBXGroup section */
		080E96DDFE201D6D7F000001 /* Classes */ = {
			isa = PBXGroup;
			children = (
				1D3623240D0F684500981E51 /* PdTestAppDelegate.h */,
				1D3623250D0F684500981E51 /* PdTestAppDelegate.m */,
				28D7ACF60DDB3853001CB0EB /* PdTestViewController.h */,
				28D7ACF70DDB3853001CB0EB /* PdTestViewController.m */,
			);
			path = Classes;
			sourceTree = "<group>";
		};
		1152A45E147F667300DCD675 /* Products */ = {
			isa = PBXGroup;
			children = (
				1152A465147F667400DCD675 /* libpd-ios.a */,
				2D2771BF15D0100000077A1F /* libpd-osx.a */,
			);
			name = Products;
			sourceTree = "<group>";
		};
		19C28FACFE9D520D11CA2CBB /* Products */ = {
			isa = PBXGroup;
			children = (
				1D6058910D05DD3D006BFB54 /* PdTest02.app */,
			);
			name = Products;
			sourceTree = "<group>";
		};
		29B97314FDCFA39411CA2CEA /* CustomTemplate */ = {
			isa = PBXGroup;
			children = (
				DC70C5FB129B28F8006CC055 /* ReadMe.txt */,
				1152A45D147F667300DCD675 /* libpd.xcodeproj */,
				DCD6ACBC128B37E500C61BBE /* libpd extra externals */,
				080E96DDFE201D6D7F000001 /* Classes */,
				29B97315FDCFA39411CA2CEA /* Other Sources */,
				29B97317FDCFA39411CA2CEA /* Resources */,
				29B97323FDCFA39411CA2CEA /* Frameworks */,
				19C28FACFE9D520D11CA2CBB /* Products */,
			);
			name = CustomTemplate;
			sourceTree = "<group>";
		};
		29B97315FDCFA39411CA2CEA /* Other Sources */ = {
			isa = PBXGroup;
			children = (
				32CA4F630368D1EE00C91783 /* PdTest02_Prefix.pch */,
				29B97316FDCFA39411CA2CEA /* main.m */,
			);
			name = "Other Sources";
			sourceTree = "<group>";
		};
		29B97317FDCFA39411CA2CEA /* Resources */ = {
			isa = PBXGroup;
			children = (
				2D27721815D010C000077A1F /* harley */,
				DC70C561129B16FB006CC055 /* LoopWithExtern.pd */,
				DC3B19C11294789B001C3597 /* Banjo_B3.wav */,
				2899E5210DE3E06400AC0155 /* PdTestViewController.xib */,
				28AD733E0D9D9553002E5188 /* MainWindow.xib */,
				8D1107310486CEB800E47090 /* PdTest02-Info.plist */,
			);
			name = Resources;
			sourceTree = "<group>";
		};
		29B97323FDCFA39411CA2CEA /* Frameworks */ = {
			isa = PBXGroup;
			children = (
				1152A476147F6A0D00DCD675 /* AVFoundation.framework */,
				DCCC7CDE125C3E0F002CF6AC /* AudioToolbox.framework */,
				DC0C300D125D15FC008B6389 /* Foundation.framework */,
				DC0C3011125D160B008B6389 /* UIKit.framework */,
				DC0C3015125D1614008B6389 /* CoreGraphics.framework */,
				DCD724CE125D1A1E000A4BDE /* Foundation.framework */,
			);
			name = Frameworks;
			sourceTree = "<group>";
		};
		2D27721815D010C000077A1F /* harley */ = {
			isa = PBXGroup;
			children = (
				2D27727115D0139C00077A1F /* try15-motor-no-d-out.pd */,
				2D27721915D010C000077A1F /* cylshot-idle.txt */,
				2D27721A15D010C000077A1F /* cylshot-idle2.txt */,
				2D27721B15D010C000077A1F /* cylshot-idle3.txt */,
				2D27721C15D010C000077A1F /* cylshot-rev.txt */,
				2D27721D15D010C000077A1F /* cylshot-rev2.txt */,
				2D27721E15D010C000077A1F /* cylshot-rev3.txt */,
				2D27721F15D010C000077A1F /* cylshot.txt */,
				2D27722015D010C000077A1F /* cylshot2.txt */,
				2D27722115D010C000077A1F /* d-1--help.pd */,
				2D27722215D010C000077A1F /* d-1-.pd */,
				2D27722315D010C000077A1F /* d-1-~-help.pd */,
				2D27722415D010C000077A1F /* d-1-~.pd */,
				2D27722515D010C000077A1F /* d-anaclip~.pd */,
				2D27722615D010C000077A1F /* d-crossfade~.pd */,
				2D27722715D010C000077A1F /* d-datetimesym.pd */,
				2D27722815D010C000077A1F /* d-default-example.pd */,
				2D27722915D010C000077A1F /* d-default-help.pd */,
				2D27722A15D010C000077A1F /* d-default.pd */,
				2D27722B15D010C000077A1F /* d-delta.pd */,
				2D27722C15D010C000077A1F /* d-inv.pd */,
				2D27722D15D010C000077A1F /* d-jitter.pd */,
				2D27722E15D010C000077A1F /* d-lpf-redo.pd */,
				2D27722F15D010C000077A1F /* d-lpf.pd */,
				2D27723015D010C000077A1F /* d-map-help.pd */,
				2D27723115D010C000077A1F /* d-map.pd */,
				2D27723215D010C000077A1F /* d-out~.pd */,
				2D27723315D010C000077A1F /* d-pan~.pd */,
				2D27723415D010C000077A1F /* d-random.pd */,
				2D27723515D010C000077A1F /* d-smooth~.pd */,
				2D27723615D010C000077A1F /* d-sq.pd */,
				2D27723715D010C000077A1F /* try10-fiexd.pd */,
				2D27723815D010C000077A1F /* try10-fixed.pd */,
				2D27723915D010C000077A1F /* try11-fixed.pd */,
				2D27723A15D010C000077A1F /* try12-fixed.pd */,
				2D27723B15D010C000077A1F /* try13-motor.pd */,
				2D27723C15D010C000077A1F /* try14-motor.pd */,
				2D27723D15D010C000077A1F /* try3.pd */,
				2D27723E15D010C000077A1F /* try4.pd */,
				2D27723F15D010C000077A1F /* try5.pd */,
				2D27724015D010C000077A1F /* try6-greatidle.pd */,
				2D27724115D010C000077A1F /* try7.pd */,
				2D27724215D010C000077A1F /* try8-nicerev.pd */,
				2D27724315D010C000077A1F /* try9-nicerev.pd */,
			);
			path = harley;
			sourceTree = "<group>";
		};
		2D2773F615D0217D00077A1F /* shared */ = {
			isa = PBXGroup;
			children = (
				2D27748315D0226C00077A1F /* hammer */,
				2D27747E15D0224200077A1F /* sickle */,
				2D27742B15D0217D00077A1F /* shared.c */,
				2D27742C15D0217D00077A1F /* shared.h */,
			);
			path = shared;
			sourceTree = "<group>";
		};
		2D27747E15D0224200077A1F /* sickle */ = {
			isa = PBXGroup;
			children = (
				2D27747F15D0225400077A1F /* sic.c */,
			);
			name = sickle;
			sourceTree = "<group>";
		};
		2D27748315D0226C00077A1F /* hammer */ = {
			isa = PBXGroup;
			children = (
				2D27748115D0226900077A1F /* loud.c */,
			);
			name = hammer;
			sourceTree = "<group>";
		};
		DCD6ACBC128B37E500C61BBE /* libpd extra externals */ = {
			isa = PBXGroup;
			children = (
				2D2773F615D0217D00077A1F /* shared */,
				2D2773F015D01FF600077A1F /* svf.c */,
				DCD6ACC5128B38B100C61BBE /* lrshift~.c */,
			);
			name = "libpd extra externals";
			sourceTree = "<group>";
		};
/* End PBXGroup section */

/* Begin PBXNativeTarget section */
		1D6058900D05DD3D006BFB54 /* PdTest02 */ = {
			isa = PBXNativeTarget;
			buildConfigurationList = 1D6058960D05DD3E006BFB54 /* Build configuration list for PBXNativeTarget "PdTest02" */;
			buildPhases = (
				1D60588D0D05DD3D006BFB54 /* Resources */,
				1D60588E0D05DD3D006BFB54 /* Sources */,
				1D60588F0D05DD3D006BFB54 /* Frameworks */,
			);
			buildRules = (
			);
			dependencies = (
				1152A475147F6A0800DCD675 /* PBXTargetDependency */,
			);
			name = PdTest02;
			productName = PdTest01;
			productReference = 1D6058910D05DD3D006BFB54 /* PdTest02.app */;
			productType = "com.apple.product-type.application";
		};
/* End PBXNativeTarget section */

/* Begin PBXProject section */
		29B97313FDCFA39411CA2CEA /* Project object */ = {
			isa = PBXProject;
			attributes = {
				LastUpgradeCheck = 0420;
			};
			buildConfigurationList = C01FCF4E08A954540054247B /* Build configuration list for PBXProject "PdTest02" */;
			compatibilityVersion = "Xcode 3.2";
			developmentRegion = English;
			hasScannedForEncodings = 1;
			knownRegions = (
				English,
				Japanese,
				French,
				German,
			);
			mainGroup = 29B97314FDCFA39411CA2CEA /* CustomTemplate */;
			projectDirPath = "";
			projectReferences = (
				{
					ProductGroup = 1152A45E147F667300DCD675 /* Products */;
					ProjectRef = 1152A45D147F667300DCD675 /* libpd.xcodeproj */;
				},
			);
			projectRoot = "";
			targets = (
				1D6058900D05DD3D006BFB54 /* PdTest02 */,
			);
		};
/* End PBXProject section */

/* Begin PBXReferenceProxy section */
		1152A465147F667400DCD675 /* libpd-ios.a */ = {
			isa = PBXReferenceProxy;
			fileType = archive.ar;
			path = "libpd-ios.a";
			remoteRef = 1152A464147F667400DCD675 /* PBXContainerItemProxy */;
			sourceTree = BUILT_PRODUCTS_DIR;
		};
		2D2771BF15D0100000077A1F /* libpd-osx.a */ = {
			isa = PBXReferenceProxy;
			fileType = archive.ar;
			path = "libpd-osx.a";
			remoteRef = 2D2771BE15D0100000077A1F /* PBXContainerItemProxy */;
			sourceTree = BUILT_PRODUCTS_DIR;
		};
/* End PBXReferenceProxy section */

/* Begin PBXResourcesBuildPhase section */
		1D60588D0D05DD3D006BFB54 /* Resources */ = {
			isa = PBXResourcesBuildPhase;
			buildActionMask = 2147483647;
			files = (
				28AD733F0D9D9553002E5188 /* MainWindow.xib in Resources */,
				2899E5220DE3E06400AC0155 /* PdTestViewController.xib in Resources */,
				DC3B19C21294789B001C3597 /* Banjo_B3.wav in Resources */,
				DC70C562129B16FB006CC055 /* LoopWithExtern.pd in Resources */,
				DC70C5FC129B28F8006CC055 /* ReadMe.txt in Resources */,
				2D27724415D010C000077A1F /* cylshot-idle.txt in Resources */,
				2D27724515D010C000077A1F /* cylshot-idle2.txt in Resources */,
				2D27724615D010C000077A1F /* cylshot-idle3.txt in Resources */,
				2D27724715D010C000077A1F /* cylshot-rev.txt in Resources */,
				2D27724815D010C000077A1F /* cylshot-rev2.txt in Resources */,
				2D27724915D010C000077A1F /* cylshot-rev3.txt in Resources */,
				2D27724A15D010C000077A1F /* cylshot.txt in Resources */,
				2D27724B15D010C000077A1F /* cylshot2.txt in Resources */,
				2D27724C15D010C000077A1F /* d-1--help.pd in Resources */,
				2D27724D15D010C000077A1F /* d-1-.pd in Resources */,
				2D27724E15D010C000077A1F /* d-1-~-help.pd in Resources */,
				2D27724F15D010C000077A1F /* d-1-~.pd in Resources */,
				2D27725015D010C000077A1F /* d-anaclip~.pd in Resources */,
				2D27725115D010C000077A1F /* d-crossfade~.pd in Resources */,
				2D27725215D010C000077A1F /* d-datetimesym.pd in Resources */,
				2D27725315D010C000077A1F /* d-default-example.pd in Resources */,
				2D27725415D010C000077A1F /* d-default-help.pd in Resources */,
				2D27725515D010C000077A1F /* d-default.pd in Resources */,
				2D27725615D010C000077A1F /* d-delta.pd in Resources */,
				2D27725715D010C000077A1F /* d-inv.pd in Resources */,
				2D27725815D010C000077A1F /* d-jitter.pd in Resources */,
				2D27725915D010C000077A1F /* d-lpf-redo.pd in Resources */,
				2D27725A15D010C000077A1F /* d-lpf.pd in Resources */,
				2D27725B15D010C000077A1F /* d-map-help.pd in Resources */,
				2D27725C15D010C000077A1F /* d-map.pd in Resources */,
				2D27725D15D010C000077A1F /* d-out~.pd in Resources */,
				2D27725E15D010C000077A1F /* d-pan~.pd in Resources */,
				2D27725F15D010C000077A1F /* d-random.pd in Resources */,
				2D27726015D010C000077A1F /* d-smooth~.pd in Resources */,
				2D27726115D010C000077A1F /* d-sq.pd in Resources */,
				2D27726215D010C000077A1F /* try10-fiexd.pd in Resources */,
				2D27726315D010C000077A1F /* try10-fixed.pd in Resources */,
				2D27726415D010C000077A1F /* try11-fixed.pd in Resources */,
				2D27726515D010C000077A1F /* try12-fixed.pd in Resources */,
				2D27726615D010C000077A1F /* try13-motor.pd in Resources */,
				2D27726715D010C000077A1F /* try14-motor.pd in Resources */,
				2D27726815D010C000077A1F /* try3.pd in Resources */,
				2D27726915D010C000077A1F /* try4.pd in Resources */,
				2D27726A15D010C000077A1F /* try5.pd in Resources */,
				2D27726B15D010C000077A1F /* try6-greatidle.pd in Resources */,
				2D27726C15D010C000077A1F /* try7.pd in Resources */,
				2D27726D15D010C000077A1F /* try8-nicerev.pd in Resources */,
				2D27726E15D010C000077A1F /* try9-nicerev.pd in Resources */,
				2D27727215D0139C00077A1F /* try15-motor-no-d-out.pd in Resources */,
			);
			runOnlyForDeploymentPostprocessing = 0;
		};
/* End PBXResourcesBuildPhase section */

/* Begin PBXSourcesBuildPhase section */
		1D60588E0D05DD3D006BFB54 /* Sources */ = {
			isa = PBXSourcesBuildPhase;
			buildActionMask = 2147483647;
			files = (
				1D60589B0D05DD56006BFB54 /* main.m in Sources */,
				1D3623260D0F684500981E51 /* PdTestAppDelegate.m in Sources */,
				28D7ACF80DDB3853001CB0EB /* PdTestViewController.m in Sources */,
				DCD6ACC6128B38B100C61BBE /* lrshift~.c in Sources */,
				2D2773F115D01FF600077A1F /* svf.c in Sources */,
				2D27746B15D0217D00077A1F /* shared.c in Sources */,
				2D27748015D0225400077A1F /* sic.c in Sources */,
				2D27748215D0226900077A1F /* loud.c in Sources */,
			);
			runOnlyForDeploymentPostprocessing = 0;
		};
/* End PBXSourcesBuildPhase section */

/* Begin PBXTargetDependency section */
		1152A475147F6A0800DCD675 /* PBXTargetDependency */ = {
			isa = PBXTargetDependency;
			name = "libpd-ios";
			targetProxy = 1152A474147F6A0800DCD675 /* PBXContainerItemProxy */;
		};
/* End PBXTargetDependency section */

/* Begin XCBuildConfiguration section */
		1D6058940D05DD3E006BFB54 /* Debug */ = {
			isa = XCBuildConfiguration;
			buildSettings = {
				ALWAYS_SEARCH_USER_PATHS = NO;
				ARCHS = (
					armv7,
					armv6,
				);
				COPY_PHASE_STRIP = NO;
				GCC_DYNAMIC_NO_PIC = NO;
				GCC_OPTIMIZATION_LEVEL = 0;
				GCC_PRECOMPILE_PREFIX_HEADER = YES;
				GCC_PREFIX_HEADER = PdTest02_Prefix.pch;
				INFOPLIST_FILE = "PdTest02-Info.plist";
				IPHONEOS_DEPLOYMENT_TARGET = 4.0;
				ONLY_ACTIVE_ARCH = YES;
				PRODUCT_NAME = PdTest02;
				SDKROOT = iphoneos;
			};
			name = Debug;
		};
		1D6058950D05DD3E006BFB54 /* Release */ = {
			isa = XCBuildConfiguration;
			buildSettings = {
				ALWAYS_SEARCH_USER_PATHS = NO;
				ARCHS = (
					armv7,
					armv6,
				);
				COPY_PHASE_STRIP = YES;
				GCC_PRECOMPILE_PREFIX_HEADER = YES;
				GCC_PREFIX_HEADER = PdTest02_Prefix.pch;
				INFOPLIST_FILE = "PdTest02-Info.plist";
				IPHONEOS_DEPLOYMENT_TARGET = 4.0;
				ONLY_ACTIVE_ARCH = YES;
				PRODUCT_NAME = PdTest02;
				SDKROOT = iphoneos;
				VALIDATE_PRODUCT = YES;
			};
			name = Release;
		};
		C01FCF4F08A954540054247B /* Debug */ = {
			isa = XCBuildConfiguration;
			buildSettings = {
				ARCHS = "$(ARCHS_STANDARD_32_BIT)";
				"CODE_SIGN_IDENTITY[sdk=iphoneos*]" = "iPhone Developer";
				GCC_C_LANGUAGE_STANDARD = c99;
				GCC_WARN_ABOUT_RETURN_TYPE = YES;
				GCC_WARN_UNUSED_VARIABLE = NO;
				HEADER_SEARCH_PATHS = (
					"../libpd/pure-data/src",
					../libpd/objc,
					shared,
				);
				IPHONEOS_DEPLOYMENT_TARGET = 4.0;
				OTHER_CFLAGS = (
					"-DPD",
					"-DMACOSX",
				);
				SDKROOT = iphoneos;
				TARGETED_DEVICE_FAMILY = "1,2";
			};
			name = Debug;
		};
		C01FCF5008A954540054247B /* Release */ = {
			isa = XCBuildConfiguration;
			buildSettings = {
				ARCHS = "$(ARCHS_STANDARD_32_BIT)";
				"CODE_SIGN_IDENTITY[sdk=iphoneos*]" = "iPhone Developer";
				GCC_C_LANGUAGE_STANDARD = c99;
				GCC_WARN_ABOUT_RETURN_TYPE = YES;
				GCC_WARN_UNUSED_VARIABLE = NO;
				HEADER_SEARCH_PATHS = (
					"../libpd/pure-data/src",
					../libpd/objc,
					shared,
				);
				IPHONEOS_DEPLOYMENT_TARGET = 4.0;
				OTHER_CFLAGS = (
					"-DPD",
					"-DMACOSX",
				);
				SDKROOT = iphoneos;
				TARGETED_DEVICE_FAMILY = "1,2";
			};
			name = Release;
		};
/* End XCBuildConfiguration section */

/* Begin XCConfigurationList section */
		1D6058960D05DD3E006BFB54 /* Build configuration list for PBXNativeTarget "PdTest02" */ = {
			isa = XCConfigurationList;
			buildConfigurations = (
				1D6058940D05DD3E006BFB54 /* Debug */,
				1D6058950D05DD3E006BFB54 /* Release */,
			);
			defaultConfigurationIsVisible = 0;
			defaultConfigurationName = Release;
		};
		C01FCF4E08A954540054247B /* Build configuration list for PBXProject "PdTest02" */ = {
			isa = XCConfigurationList;
			buildConfigurations = (
				C01FCF4F08A954540054247B /* Debug */,
				C01FCF5008A954540054247B /* Release */,
			);
			defaultConfigurationIsVisible = 0;
			defaultConfigurationName = Release;
		};
/* End XCConfigurationList section */
	};
	rootObject = 29B97313FDCFA39411CA2CEA /* Project object */;
}
